
Microsoft Visual Studio Solution File, Format Version 12.00
# Visual Studio Version 17
VisualStudioVersion = 17.11.35208.52
MinimumVisualStudioVersion = 10.0.40219.1
Project("{9A19103F-16F7-4668-BE54-9A1E7A4F7556}") = "API-Fintech", "API-Fintech.csproj", "{B9EA15C7-3AE8-4851-8AD8-099E8DFB2F05}"
EndProject
Global
	GlobalSection(SolutionConfigurationPlatforms) = preSolution
		Debug|Any CPU = Debug|Any CPU
		Release|Any CPU = Release|Any CPU
	EndGlobalSection
	GlobalSection(ProjectConfigurationPlatforms) = postSolution
		{B9EA15C7-3AE8-4851-8AD8-099E8DFB2F05}.Debug|Any CPU.ActiveCfg = Debug|Any CPU
		{B9EA15C7-3AE8-4851-8AD8-099E8DFB2F05}.Debug|Any CPU.Build.0 = Debug|Any CPU
		{B9EA15C7-3AE8-4851-8AD8-099E8DFB2F05}.Release|Any CPU.ActiveCfg = Release|Any CPU
		{B9EA15C7-3AE8-4851-8AD8-099E8DFB2F05}.Release|Any CPU.Build.0 = Release|Any CPU
	EndGlobalSection
	GlobalSection(SolutionProperties) = preSolution
		HideSolutionNode = FALSE
	EndGlobalSection
	GlobalSection(ExtensibilityGlobals) = postSolution
		SolutionGuid = {717E58D0-54D4-4B3F-AB5D-EAE4DD9BDAD4}
	EndGlobalSection
EndGlobal
